uuid: 68cd4c8e-1444-4c9d-bf94-58fd234e76f6
langcode: en
status: true
dependencies:
  module:
    - corplite_search
    - system
  theme:
    - northsouthministerialcouncil_theme
id: northsouthministerialcouncil_theme_sitesearchblock
theme: northsouthministerialcouncil_theme
region: header
weight: 0
provider: null
plugin: site_search_block
settings:
  id: site_search_block
  label: 'Site search block'
  label_display: '0'
  provider: corplite_search
visibility:
  request_path:
    id: request_path
    negate: true
    pages: '/search*'
